
Microsoft Visual Studio Solution File, Format Version 12.00
# Visual Studio Version 17
VisualStudioVersion = 17.5.33530.505
MinimumVisualStudioVersion = 10.0.40219.1
Project("{FAE04EC0-301F-11D3-BF4B-00C04F79EFBC}") = "FolderDirectory", "FolderDirectory\FolderDirectory.csproj", "{0EE143FB-E663-404C-9C94-8C7D556F24C6}"
EndProject
Global
	GlobalSection(SolutionConfigurationPlatforms) = preSolution
		Debug|Any CPU = Debug|Any CPU
		Release|Any CPU = Release|Any CPU
	EndGlobalSection
	GlobalSection(ProjectConfigurationPlatforms) = postSolution
		{0EE143FB-E663-404C-9C94-8C7D556F24C6}.Debug|Any CPU.ActiveCfg = Debug|Any CPU
		{0EE143FB-E663-404C-9C94-8C7D556F24C6}.Debug|Any CPU.Build.0 = Debug|Any CPU
		{0EE143FB-E663-404C-9C94-8C7D556F24C6}.Release|Any CPU.ActiveCfg = Release|Any CPU
		{0EE143FB-E663-404C-9C94-8C7D556F24C6}.Release|Any CPU.Build.0 = Release|Any CPU
	EndGlobalSection
	GlobalSection(SolutionProperties) = preSolution
		HideSolutionNode = FALSE
	EndGlobalSection
	GlobalSection(ExtensibilityGlobals) = postSolution
		SolutionGuid = {FFE46091-FCFF-4C67-B69E-D0FF8883A5CB}
	EndGlobalSection
EndGlobal
